
Microsoft Visual Studio Solution File, Format Version 12.00
# Visual Studio Version 16
VisualStudioVersion = 16.0.32228.343
MinimumVisualStudioVersion = 10.0.40219.1
Project("{FAE04EC0-301F-11D3-BF4B-00C04F79EFBC}") = "E_mart_Project", "E_mart_Project.csproj", "{9AE0983C-F7DD-4163-A737-8BA58287AD48}"
EndProject
Global
	GlobalSection(SolutionConfigurationPlatforms) = preSolution
		Debug|Any CPU = Debug|Any CPU
		Release|Any CPU = Release|Any CPU
	EndGlobalSection
	GlobalSection(ProjectConfigurationPlatforms) = postSolution
		{9AE0983C-F7DD-4163-A737-8BA58287AD48}.Debug|Any CPU.ActiveCfg = Debug|Any CPU
		{9AE0983C-F7DD-4163-A737-8BA58287AD48}.Debug|Any CPU.Build.0 = Debug|Any CPU
		{9AE0983C-F7DD-4163-A737-8BA58287AD48}.Release|Any CPU.ActiveCfg = Release|Any CPU
		{9AE0983C-F7DD-4163-A737-8BA58287AD48}.Release|Any CPU.Build.0 = Release|Any CPU
	EndGlobalSection
	GlobalSection(SolutionProperties) = preSolution
		HideSolutionNode = FALSE
	EndGlobalSection
	GlobalSection(ExtensibilityGlobals) = postSolution
		SolutionGuid = {9F56A46F-D695-4FB5-A9CE-FF6669550889}
	EndGlobalSection
EndGlobal
